
Microsoft Visual Studio Solution File, Format Version 12.00
# Visual Studio Version 16
VisualStudioVersion = 16.0.29009.5
MinimumVisualStudioVersion = 10.0.40219.1
Project("{2150E333-8FDC-42A3-9474-1A3956D46DE8}") = "Solution Items", "Solution Items", "{D14BF321-348C-46B8-B96A-43A22BA7AC10}"
EndProject
Project("{2150E333-8FDC-42A3-9474-1A3956D46DE8}") = "Tests", "Tests", "{91059C5B-526C-4B81-B106-99DEFF542D1F}"
EndProject
Project("{FAE04EC0-301F-11D3-BF4B-00C04F79EFBC}") = "starter", "starter\starter.csproj", "{FE79E85C-EA02-4716-B727-9257B3E10B4C}"
EndProject
Project("{FAE04EC0-301F-11D3-BF4B-00C04F79EFBC}") = "webserver", "webserver\webserver.csproj", "{5FD77AE0-97A1-4BA5-A3AC-0F2730151E0A}"
EndProject
Project("{FAE04EC0-301F-11D3-BF4B-00C04F79EFBC}") = "dataserver", "dataserver\dataserver.csproj", "{8B27A33B-B52F-46DF-84CA-563E989BD027}"
EndProject
Project("{FAE04EC0-301F-11D3-BF4B-00C04F79EFBC}") = "morphserver", "morphserver\morphserver.csproj", "{9906C04D-E30B-429F-B393-09623E5DED5E}"
EndProject
Project("{FAE04EC0-301F-11D3-BF4B-00C04F79EFBC}") = "showdata", "showdata\showdata.csproj", "{75F6C10C-DF1B-4C30-B0BF-CC8F3368CD15}"
EndProject
Project("{9A19103F-16F7-4668-BE54-9A1E7A4F7556}") = "Onesharp", "onesharp\Onesharp.csproj", "{A4242A88-B27F-47D5-A2E0-3A88F007A866}"
EndProject
Project("{FAE04EC0-301F-11D3-BF4B-00C04F79EFBC}") = "index", "index\index.csproj", "{92D2E6AC-A365-41D9-A4FE-7C1F6D6C0665}"
EndProject
Global
	GlobalSection(SolutionConfigurationPlatforms) = preSolution
		Debug|Any CPU = Debug|Any CPU
		Debug|x64 = Debug|x64
		Debug|x86 = Debug|x86
		Release|Any CPU = Release|Any CPU
		Release|x64 = Release|x64
		Release|x86 = Release|x86
	EndGlobalSection
	GlobalSection(ProjectConfigurationPlatforms) = postSolution
		{FE79E85C-EA02-4716-B727-9257B3E10B4C}.Debug|Any CPU.ActiveCfg = Debug|Any CPU
		{FE79E85C-EA02-4716-B727-9257B3E10B4C}.Debug|Any CPU.Build.0 = Debug|Any CPU
		{FE79E85C-EA02-4716-B727-9257B3E10B4C}.Debug|x64.ActiveCfg = Debug|Any CPU
		{FE79E85C-EA02-4716-B727-9257B3E10B4C}.Debug|x64.Build.0 = Debug|Any CPU
		{FE79E85C-EA02-4716-B727-9257B3E10B4C}.Debug|x86.ActiveCfg = Debug|Any CPU
		{FE79E85C-EA02-4716-B727-9257B3E10B4C}.Debug|x86.Build.0 = Debug|Any CPU
		{FE79E85C-EA02-4716-B727-9257B3E10B4C}.Release|Any CPU.ActiveCfg = Release|Any CPU
		{FE79E85C-EA02-4716-B727-9257B3E10B4C}.Release|Any CPU.Build.0 = Release|Any CPU
		{FE79E85C-EA02-4716-B727-9257B3E10B4C}.Release|x64.ActiveCfg = Release|Any CPU
		{FE79E85C-EA02-4716-B727-9257B3E10B4C}.Release|x64.Build.0 = Release|Any CPU
		{FE79E85C-EA02-4716-B727-9257B3E10B4C}.Release|x86.ActiveCfg = Release|Any CPU
		{FE79E85C-EA02-4716-B727-9257B3E10B4C}.Release|x86.Build.0 = Release|Any CPU
		{5FD77AE0-97A1-4BA5-A3AC-0F2730151E0A}.Debug|Any CPU.ActiveCfg = Debug|Any CPU
		{5FD77AE0-97A1-4BA5-A3AC-0F2730151E0A}.Debug|Any CPU.Build.0 = Debug|Any CPU
		{5FD77AE0-97A1-4BA5-A3AC-0F2730151E0A}.Debug|x64.ActiveCfg = Debug|Any CPU
		{5FD77AE0-97A1-4BA5-A3AC-0F2730151E0A}.Debug|x64.Build.0 = Debug|Any CPU
		{5FD77AE0-97A1-4BA5-A3AC-0F2730151E0A}.Debug|x86.ActiveCfg = Debug|Any CPU
		{5FD77AE0-97A1-4BA5-A3AC-0F2730151E0A}.Debug|x86.Build.0 = Debug|Any CPU
		{5FD77AE0-97A1-4BA5-A3AC-0F2730151E0A}.Release|Any CPU.ActiveCfg = Release|Any CPU
		{5FD77AE0-97A1-4BA5-A3AC-0F2730151E0A}.Release|Any CPU.Build.0 = Release|Any CPU
		{5FD77AE0-97A1-4BA5-A3AC-0F2730151E0A}.Release|x64.ActiveCfg = Release|Any CPU
		{5FD77AE0-97A1-4BA5-A3AC-0F2730151E0A}.Release|x64.Build.0 = Release|Any CPU
		{5FD77AE0-97A1-4BA5-A3AC-0F2730151E0A}.Release|x86.ActiveCfg = Release|Any CPU
		{5FD77AE0-97A1-4BA5-A3AC-0F2730151E0A}.Release|x86.Build.0 = Release|Any CPU
		{8B27A33B-B52F-46DF-84CA-563E989BD027}.Debug|Any CPU.ActiveCfg = Debug|Any CPU
		{8B27A33B-B52F-46DF-84CA-563E989BD027}.Debug|Any CPU.Build.0 = Debug|Any CPU
		{8B27A33B-B52F-46DF-84CA-563E989BD027}.Debug|x64.ActiveCfg = Debug|Any CPU
		{8B27A33B-B52F-46DF-84CA-563E989BD027}.Debug|x64.Build.0 = Debug|Any CPU
		{8B27A33B-B52F-46DF-84CA-563E989BD027}.Debug|x86.ActiveCfg = Debug|Any CPU
		{8B27A33B-B52F-46DF-84CA-563E989BD027}.Debug|x86.Build.0 = Debug|Any CPU
		{8B27A33B-B52F-46DF-84CA-563E989BD027}.Release|Any CPU.ActiveCfg = Release|Any CPU
		{8B27A33B-B52F-46DF-84CA-563E989BD027}.Release|Any CPU.Build.0 = Release|Any CPU
		{8B27A33B-B52F-46DF-84CA-563E989BD027}.Release|x64.ActiveCfg = Release|Any CPU
		{8B27A33B-B52F-46DF-84CA-563E989BD027}.Release|x64.Build.0 = Release|Any CPU
		{8B27A33B-B52F-46DF-84CA-563E989BD027}.Release|x86.ActiveCfg = Release|Any CPU
		{8B27A33B-B52F-46DF-84CA-563E989BD027}.Release|x86.Build.0 = Release|Any CPU
		{9906C04D-E30B-429F-B393-09623E5DED5E}.Debug|Any CPU.ActiveCfg = Debug|Any CPU
		{9906C04D-E30B-429F-B393-09623E5DED5E}.Debug|Any CPU.Build.0 = Debug|Any CPU
		{9906C04D-E30B-429F-B393-09623E5DED5E}.Debug|x64.ActiveCfg = Debug|Any CPU
		{9906C04D-E30B-429F-B393-09623E5DED5E}.Debug|x64.Build.0 = Debug|Any CPU
		{9906C04D-E30B-429F-B393-09623E5DED5E}.Debug|x86.ActiveCfg = Debug|Any CPU
		{9906C04D-E30B-429F-B393-09623E5DED5E}.Debug|x86.Build.0 = Debug|Any CPU
		{9906C04D-E30B-429F-B393-09623E5DED5E}.Release|Any CPU.ActiveCfg = Release|Any CPU
		{9906C04D-E30B-429F-B393-09623E5DED5E}.Release|Any CPU.Build.0 = Release|Any CPU
		{9906C04D-E30B-429F-B393-09623E5DED5E}.Release|x64.ActiveCfg = Release|Any CPU
		{9906C04D-E30B-429F-B393-09623E5DED5E}.Release|x64.Build.0 = Release|Any CPU
		{9906C04D-E30B-429F-B393-09623E5DED5E}.Release|x86.ActiveCfg = Release|Any CPU
		{9906C04D-E30B-429F-B393-09623E5DED5E}.Release|x86.Build.0 = Release|Any CPU
		{75F6C10C-DF1B-4C30-B0BF-CC8F3368CD15}.Debug|Any CPU.ActiveCfg = Debug|Any CPU
		{75F6C10C-DF1B-4C30-B0BF-CC8F3368CD15}.Debug|Any CPU.Build.0 = Debug|Any CPU
		{75F6C10C-DF1B-4C30-B0BF-CC8F3368CD15}.Debug|x64.ActiveCfg = Debug|Any CPU
		{75F6C10C-DF1B-4C30-B0BF-CC8F3368CD15}.Debug|x64.Build.0 = Debug|Any CPU
		{75F6C10C-DF1B-4C30-B0BF-CC8F3368CD15}.Debug|x86.ActiveCfg = Debug|Any CPU
		{75F6C10C-DF1B-4C30-B0BF-CC8F3368CD15}.Debug|x86.Build.0 = Debug|Any CPU
		{75F6C10C-DF1B-4C30-B0BF-CC8F3368CD15}.Release|Any CPU.ActiveCfg = Release|Any CPU
		{75F6C10C-DF1B-4C30-B0BF-CC8F3368CD15}.Release|Any CPU.Build.0 = Release|Any CPU
		{75F6C10C-DF1B-4C30-B0BF-CC8F3368CD15}.Release|x64.ActiveCfg = Release|Any CPU
		{75F6C10C-DF1B-4C30-B0BF-CC8F3368CD15}.Release|x64.Build.0 = Release|Any CPU
		{75F6C10C-DF1B-4C30-B0BF-CC8F3368CD15}.Release|x86.ActiveCfg = Release|Any CPU
		{75F6C10C-DF1B-4C30-B0BF-CC8F3368CD15}.Release|x86.Build.0 = Release|Any CPU
		{A4242A88-B27F-47D5-A2E0-3A88F007A866}.Debug|Any CPU.ActiveCfg = Debug|Any CPU
		{A4242A88-B27F-47D5-A2E0-3A88F007A866}.Debug|Any CPU.Build.0 = Debug|Any CPU
		{A4242A88-B27F-47D5-A2E0-3A88F007A866}.Debug|x64.ActiveCfg = Debug|Any CPU
		{A4242A88-B27F-47D5-A2E0-3A88F007A866}.Debug|x64.Build.0 = Debug|Any CPU
		{A4242A88-B27F-47D5-A2E0-3A88F007A866}.Debug|x86.ActiveCfg = Debug|Any CPU
		{A4242A88-B27F-47D5-A2E0-3A88F007A866}.Debug|x86.Build.0 = Debug|Any CPU
		{A4242A88-B27F-47D5-A2E0-3A88F007A866}.Release|Any CPU.ActiveCfg = Release|Any CPU
		{A4242A88-B27F-47D5-A2E0-3A88F007A866}.Release|Any CPU.Build.0 = Release|Any CPU
		{A4242A88-B27F-47D5-A2E0-3A88F007A866}.Release|x64.ActiveCfg = Release|Any CPU
		{A4242A88-B27F-47D5-A2E0-3A88F007A866}.Release|x64.Build.0 = Release|Any CPU
		{A4242A88-B27F-47D5-A2E0-3A88F007A866}.Release|x86.ActiveCfg = Release|Any CPU
		{A4242A88-B27F-47D5-A2E0-3A88F007A866}.Release|x86.Build.0 = Release|Any CPU
		{92D2E6AC-A365-41D9-A4FE-7C1F6D6C0665}.Debug|Any CPU.ActiveCfg = Debug|Any CPU
		{92D2E6AC-A365-41D9-A4FE-7C1F6D6C0665}.Debug|Any CPU.Build.0 = Debug|Any CPU
		{92D2E6AC-A365-41D9-A4FE-7C1F6D6C0665}.Debug|x64.ActiveCfg = Debug|Any CPU
		{92D2E6AC-A365-41D9-A4FE-7C1F6D6C0665}.Debug|x64.Build.0 = Debug|Any CPU
		{92D2E6AC-A365-41D9-A4FE-7C1F6D6C0665}.Debug|x86.ActiveCfg = Debug|Any CPU
		{92D2E6AC-A365-41D9-A4FE-7C1F6D6C0665}.Debug|x86.Build.0 = Debug|Any CPU
		{92D2E6AC-A365-41D9-A4FE-7C1F6D6C0665}.Release|Any CPU.ActiveCfg = Release|Any CPU
		{92D2E6AC-A365-41D9-A4FE-7C1F6D6C0665}.Release|Any CPU.Build.0 = Release|Any CPU
		{92D2E6AC-A365-41D9-A4FE-7C1F6D6C0665}.Release|x64.ActiveCfg = Release|Any CPU
		{92D2E6AC-A365-41D9-A4FE-7C1F6D6C0665}.Release|x64.Build.0 = Release|Any CPU
		{92D2E6AC-A365-41D9-A4FE-7C1F6D6C0665}.Release|x86.ActiveCfg = Release|Any CPU
		{92D2E6AC-A365-41D9-A4FE-7C1F6D6C0665}.Release|x86.Build.0 = Release|Any CPU
	EndGlobalSection
	GlobalSection(SolutionProperties) = preSolution
		HideSolutionNode = FALSE
	EndGlobalSection
	GlobalSection(ExtensibilityGlobals) = postSolution
		SolutionGuid = {A4A871EF-C5A7-478F-907E-31C69A869973}
	EndGlobalSection
	GlobalSection(Performance) = preSolution
		HasPerformanceSessions = true
	EndGlobalSection
	GlobalSection(MonoDevelopProperties) = preSolution
		Policies = $0
		$0.DotNetNamingPolicy = $1
		$1.DirectoryNamespaceAssociation = PrefixedHierarchical
		$0.TextStylePolicy = $2
		$2.inheritsSet = null
		$2.scope = application/xaml+xml
		$0.XmlFormattingPolicy = $3
		$3.inheritsSet = null
		$3.scope = application/xaml+xml
	EndGlobalSection
	GlobalSection(Performance) = preSolution
		HasPerformanceSessions = true
	EndGlobalSection
EndGlobal
